
Microsoft Visual Studio Solution File, Format Version 12.00
# Visual Studio Version 17
VisualStudioVersion = 17.8.34408.163
MinimumVisualStudioVersion = 10.0.40219.1
Project("{FAE04EC0-301F-11D3-BF4B-00C04F79EFBC}") = "back_project", "back_project\back_project.csproj", "{C3CA878E-B498-4C8F-AFC8-BB1DC0F7994B}"
EndProject
Global
	GlobalSection(SolutionConfigurationPlatforms) = preSolution
		Debug|Any CPU = Debug|Any CPU
		Debug|x64 = Debug|x64
		Release|Any CPU = Release|Any CPU
		Release|x64 = Release|x64
	EndGlobalSection
	GlobalSection(ProjectConfigurationPlatforms) = postSolution
		{C3CA878E-B498-4C8F-AFC8-BB1DC0F7994B}.Debug|Any CPU.ActiveCfg = Debug|Any CPU
		{C3CA878E-B498-4C8F-AFC8-BB1DC0F7994B}.Debug|Any CPU.Build.0 = Debug|Any CPU
		{C3CA878E-B498-4C8F-AFC8-BB1DC0F7994B}.Debug|x64.ActiveCfg = Release|x64
		{C3CA878E-B498-4C8F-AFC8-BB1DC0F7994B}.Debug|x64.Build.0 = Release|x64
		{C3CA878E-B498-4C8F-AFC8-BB1DC0F7994B}.Release|Any CPU.ActiveCfg = Release|Any CPU
		{C3CA878E-B498-4C8F-AFC8-BB1DC0F7994B}.Release|Any CPU.Build.0 = Release|Any CPU
		{C3CA878E-B498-4C8F-AFC8-BB1DC0F7994B}.Release|x64.ActiveCfg = Release|x64
		{C3CA878E-B498-4C8F-AFC8-BB1DC0F7994B}.Release|x64.Build.0 = Release|x64
	EndGlobalSection
	GlobalSection(SolutionProperties) = preSolution
		HideSolutionNode = FALSE
	EndGlobalSection
	GlobalSection(ExtensibilityGlobals) = postSolution
		SolutionGuid = {39370EC5-5FBD-4151-8694-D644C3A4D24D}
	EndGlobalSection
EndGlobal
